{
  "dependencies": {
    "mocha": {
      "version": "2.1.0",
      "dependencies": {
        "commander": {
          "version": "2.3.0"
        },
        "debug": {
          "version": "2.0.0",
          "dependencies": {
            "ms": {
              "version": "0.6.2"
            }
          }
        },
        "diff": {
          "version": "1.0.8"
        },
        "escape-string-regexp": {
          "version": "1.0.2"
        },
        "glob": {
          "version": "3.2.3",
          "dependencies": {
            "minimatch": {
              "version": "0.2.14",
              "dependencies": {
                "lru-cache": {
                  "version": "2.5.0"
                },
                "sigmund": {
                  "version": "1.0.0"
                }
              }
            },
            "graceful-fs": {
              "version": "2.0.3"
            },
            "inherits": {
              "version": "2.0.1"
            }
          }
        },
        "growl": {
          "version": "1.8.1"
        },
        "jade": {
          "version": "0.26.3",
          "dependencies": {
            "commander": {
              "version": "0.6.1"
            },
            "mkdirp": {
              "version": "0.3.0"
            }
          }
        },
        "mkdirp": {
          "version": "0.5.0",
          "dependencies": {
            "minimist": {
              "version": "0.0.8"
            }
          }
        }
      }
    }
  }
}
